<?xml version="1.0" encoding="utf-8"?>
<Project ToolsVersion="4.0" xmlns="http://schemas.microsoft.com/developer/msbuild/2003">
  <ItemGroup>
    <Filter Include="Source Files">
      <UniqueIdentifier>{4FC737F1-C7A5-4376-A066-2A32D752A2FF}</UniqueIdentifier>
      <Extensions>cpp;c;cc;cxx;c++;cppm;ixx;def;odl;idl;hpj;bat;asm;asmx</Extensions>
    </Filter>
    <Filter Include="Header Files">
      <UniqueIdentifier>{93995380-89BD-4b04-88EB-625FBE52EBFB}</UniqueIdentifier>
      <Extensions>h;hh;hpp;hxx;h++;hm;inl;inc;ipp;xsd</Extensions>
    </Filter>
    <Filter Include="Resource Files">
      <UniqueIdentifier>{67DA6AB6-F800-4c08-8B7A-83BB121AAD01}</UniqueIdentifier>
      <Extensions>rc;ico;cur;bmp;dlg;rc2;rct;bin;rgs;gif;jpg;jpeg;jpe;resx;tiff;tif;png;wav;mfcribbon-ms</Extensions>
    </Filter>
    <Filter Include="Header Files\Utilities">
      <UniqueIdentifier>{fa7cfd21-3f7c-4c98-a727-287ef296e521}</UniqueIdentifier>
    </Filter>
    <Filter Include="Header Files\Application">
      <UniqueIdentifier>{01609692-0484-4871-9d38-b2a287fd59f2}</UniqueIdentifier>
    </Filter>
    <Filter Include="Header Files\Application\Graphics">
      <UniqueIdentifier>{a1615b81-80d3-4cf8-b69a-d9f2f374b402}</UniqueIdentifier>
    </Filter>
    <Filter Include="Header Files\Application\Graphics\Renderers">
      <UniqueIdentifier>{20c5cf0f-f847-4e09-a639-da1c37ce0f83}</UniqueIdentifier>
    </Filter>
    <Filter Include="Header Files\Application\Graphics\Renderers\ModelRenderer">
      <UniqueIdentifier>{57d40355-9a41-4765-8a70-855b2484934c}</UniqueIdentifier>
    </Filter>
    <Filter Include="Header Files\Application\Graphics\Renderers\ModelRenderer\Shaders">
      <UniqueIdentifier>{8ef6027c-e747-47bb-a90e-d8642ff0f6be}</UniqueIdentifier>
    </Filter>
    <Filter Include="Header Files\Application\Graphics\Renderers\ModelRenderer\Shaders\Lit">
      <UniqueIdentifier>{72651256-7d99-4036-9de6-7747c6785899}</UniqueIdentifier>
    </Filter>
    <Filter Include="Header Files\Application\Graphics\Renderers\ModelRenderer\Shaders\Unlit">
      <UniqueIdentifier>{12516dee-9470-4750-9d24-c53270f161f3}</UniqueIdentifier>
    </Filter>
    <Filter Include="Header Files\Application\Graphics\Renderers\ParticleRenderer">
      <UniqueIdentifier>{b6090a1b-a225-4318-84fb-13f453562458}</UniqueIdentifier>
    </Filter>
    <Filter Include="Header Files\Application\Graphics\Renderers\ParticleRenderer\Shaders">
      <UniqueIdentifier>{410d8c6e-77d0-4575-9bd2-ca7cdbe76ad0}</UniqueIdentifier>
    </Filter>
    <Filter Include="Header Files\Application\Graphics\Renderers\DeferredRenderer">
      <UniqueIdentifier>{02b31700-0f13-4624-bd35-2da859184629}</UniqueIdentifier>
    </Filter>
    <Filter Include="Header Files\Application\Graphics\Renderers\DeferredRenderer\Shaders">
      <UniqueIdentifier>{77fecad8-beb1-409d-bd8c-be69223cf3cf}</UniqueIdentifier>
    </Filter>
    <Filter Include="Header Files\Application\Graphics\Renderers\TerrainRenderer">
      <UniqueIdentifier>{be75707b-99a4-431c-a5cd-a09dac62f273}</UniqueIdentifier>
    </Filter>
    <Filter Include="Header Files\Application\Graphics\Renderers\ShadowRenderer">
      <UniqueIdentifier>{4873b9e4-9a33-46a9-a392-80a4d482690a}</UniqueIdentifier>
    </Filter>
    <Filter Include="Header Files\Application\Graphics\Renderers\ShadowRenderer\Shaders">
      <UniqueIdentifier>{98c4b0bd-119c-49c1-9c3b-431344b6c16e}</UniqueIdentifier>
    </Filter>
    <Filter Include="Header Files\Application\Scene">
      <UniqueIdentifier>{bc321ab5-8fa1-47e8-85cf-30261f9fd5fe}</UniqueIdentifier>
    </Filter>
    <Filter Include="Header Files\Application\Scene\Drawable">
      <UniqueIdentifier>{a634b05d-51af-4df2-a655-5e103a87df2b}</UniqueIdentifier>
    </Filter>
    <Filter Include="Header Files\Application\Scene\Drawable\Model">
      <UniqueIdentifier>{5d82c9b2-1d6f-4c9f-849a-92b2739271fc}</UniqueIdentifier>
    </Filter>
    <Filter Include="Header Files\Application\Scene\Drawable\Model\Resources">
      <UniqueIdentifier>{3e81a81c-e1fb-4b39-8d2d-104ad05de87a}</UniqueIdentifier>
    </Filter>
    <Filter Include="Header Files\Application\Scene\Drawable\Model\Resources\Material">
      <UniqueIdentifier>{525143f9-5e9d-40f3-9b2d-d15a343014b6}</UniqueIdentifier>
    </Filter>
    <Filter Include="Header Files\Application\Scene\Drawable\Particle System">
      <UniqueIdentifier>{c00abe99-b0c8-442c-bec8-4a791efdda75}</UniqueIdentifier>
    </Filter>
    <Filter Include="Header Files\Application\Scene\Game">
      <UniqueIdentifier>{186acd6b-a652-4879-9118-37cf9ac0b21a}</UniqueIdentifier>
    </Filter>
    <Filter Include="Header Files\Application\Scene\Terrain">
      <UniqueIdentifier>{d73aeb48-8473-4c38-b404-c9cf9d6abf29}</UniqueIdentifier>
    </Filter>
    <Filter Include="Header Files\Application\Scene\Camera">
      <UniqueIdentifier>{8e37f8ef-fcbe-4592-9f9c-630092af58f2}</UniqueIdentifier>
    </Filter>
    <Filter Include="Header Files\Application\GameStates">
      <UniqueIdentifier>{1bfd5d48-db46-44e4-8f7c-3cf555fdb145}</UniqueIdentifier>
    </Filter>
    <Filter Include="Header Files\Application\GameStates\Game">
      <UniqueIdentifier>{ccfbf19b-eb95-4144-ad10-decf149cafc9}</UniqueIdentifier>
    </Filter>
    <Filter Include="Header Files\Application\GameStates\Debug">
      <UniqueIdentifier>{7a1778c2-6760-46ba-923d-d17c2be09679}</UniqueIdentifier>
    </Filter>
    <Filter Include="Header Files\Application\GameStates\Debug\Editors">
      <UniqueIdentifier>{4d9985e3-1487-4720-8877-ff32c953c028}</UniqueIdentifier>
    </Filter>
    <Filter Include="Header Files\Application\GameStates\Debug\Editors\ParticleEditor">
      <UniqueIdentifier>{c6fd61be-2116-4a46-9df5-5e08f62a9657}</UniqueIdentifier>
    </Filter>
    <Filter Include="Header Files\Application\GameStates\Debug\Editors\LevelEditor">
      <UniqueIdentifier>{aaaec7a4-2872-40be-8b8d-73488dc6f3f1}</UniqueIdentifier>
    </Filter>
    <Filter Include="Header Files\Application\GameStates\Debug\Editors\ImGuiWindow">
      <UniqueIdentifier>{c4bed249-3e66-4e8c-a4e5-f7a35d7e23c0}</UniqueIdentifier>
    </Filter>
    <Filter Include="Resource Files\OLD STUFF">
      <UniqueIdentifier>{5f9b2bb0-4775-4add-a94d-bb29400478e0}</UniqueIdentifier>
    </Filter>
    <Filter Include="Resource Files\OLD STUFF\UVAnimation">
      <UniqueIdentifier>{3e7eb5c7-a642-4a57-a011-17f65a06d2dd}</UniqueIdentifier>
    </Filter>
    <Filter Include="Resource Files\OLD STUFF\Displacement">
      <UniqueIdentifier>{526370f5-da8d-4e61-ac87-372fcd425fd1}</UniqueIdentifier>
    </Filter>
    <Filter Include="Header Files\Application\Scene\Drawable\AnimatedModel">
      <UniqueIdentifier>{53cac745-6011-4dc6-926c-5a8ca3f94801}</UniqueIdentifier>
    </Filter>
    <Filter Include="Header Files\Application\Graphics\Renderers\AnimatedModelRenderer">
      <UniqueIdentifier>{79e017bb-561b-47bd-a601-74ce75349ee9}</UniqueIdentifier>
    </Filter>
    <Filter Include="Header Files\Application\Graphics\Renderers\AnimatedModelRenderer\Shaders">
      <UniqueIdentifier>{cc2343bc-5a8e-4247-8866-73102e301f2b}</UniqueIdentifier>
    </Filter>
    <Filter Include="Header Files\Application\Graphics\Renderers\TerrainRenderer\Shaders">
      <UniqueIdentifier>{7576a954-47cf-4814-aad7-8e2459cc2894}</UniqueIdentifier>
    </Filter>
    <Filter Include="Header Files\Application\Graphics\Renderers\ColliderRenderer">
      <UniqueIdentifier>{924c5e1a-24b2-4585-878e-3e079165a539}</UniqueIdentifier>
    </Filter>
    <Filter Include="Header Files\Application\Graphics\Renderers\ColliderRenderer\Shaders">
      <UniqueIdentifier>{c2237309-3c92-424a-839f-092aa3287d67}</UniqueIdentifier>
    </Filter>
    <Filter Include="Header Files\Application\Scene\Game\Quests">
      <UniqueIdentifier>{5c4e414d-8cc2-4eb5-8f12-488d61db7c69}</UniqueIdentifier>
    </Filter>
    <Filter Include="Header Files\Application\UI">
      <UniqueIdentifier>{10f518fb-59ea-4dcd-8983-0fe540445810}</UniqueIdentifier>
    </Filter>
  </ItemGroup>
  <ItemGroup>
    <ClCompile Include="Main.cpp">
      <Filter>Source Files</Filter>
    </ClCompile>
    <ClCompile Include="Terrain.cpp">
      <Filter>Header Files\Application\Scene\Terrain</Filter>
    </ClCompile>
    <ClCompile Include="ParticleEditor.cpp">
      <Filter>Header Files\Application\GameStates\Debug\Editors\ParticleEditor</Filter>
    </ClCompile>
    <ClCompile Include="LevelEditor.cpp">
      <Filter>Header Files\Application\GameStates\Debug\Editors\LevelEditor</Filter>
    </ClCompile>
    <ClCompile Include="Texture.cpp">
      <Filter>Header Files\Application\Scene\Drawable\Model\Resources\Material</Filter>
    </ClCompile>
    <ClCompile Include="OldModel.cpp">
      <Filter>Resource Files\OLD STUFF</Filter>
    </ClCompile>
    <ClCompile Include="ParticleSystem.cpp">
      <Filter>Header Files\Application\Scene\Drawable\Particle System</Filter>
    </ClCompile>
    <ClCompile Include="Camera.cpp">
      <Filter>Header Files\Application\Scene\Camera</Filter>
    </ClCompile>
    <ClCompile Include="Scene.cpp">
      <Filter>Header Files\Application\Scene</Filter>
    </ClCompile>
    <ClCompile Include="Graphics.cpp">
      <Filter>Header Files\Application\Graphics</Filter>
    </ClCompile>
    <ClCompile Include="Window.cpp">
      <Filter>Header Files\Application\Graphics</Filter>
    </ClCompile>
    <ClCompile Include="Game.cpp">
      <Filter>Header Files\Application\GameStates\Game</Filter>
    </ClCompile>
    <ClCompile Include="UI.cpp">
      <Filter>Header Files\Application\UI</Filter>
    </ClCompile>
    <ClCompile Include="Button.cpp">
      <Filter>Header Files\Application\UI</Filter>
    </ClCompile>
    <ClCompile Include="Image.cpp">
      <Filter>Header Files\Application\UI</Filter>
    </ClCompile>
    <ClCompile Include="Text.cpp">
      <Filter>Header Files\Application\UI</Filter>
    </ClCompile>
  </ItemGroup>
  <ItemGroup>
    <ClInclude Include="Graphics.h">
      <Filter>Header Files\Application\Graphics</Filter>
    </ClInclude>
    <ClInclude Include="ShaderData.h">
      <Filter>Header Files\Application\Graphics</Filter>
    </ClInclude>
    <ClInclude Include="Window.h">
      <Filter>Header Files\Application\Graphics</Filter>
    </ClInclude>
    <ClInclude Include="ShadowMap.h">
      <Filter>Header Files\Application\Graphics</Filter>
    </ClInclude>
    <ClInclude Include="Renderer.h">
      <Filter>Header Files\Application\Graphics\Renderers</Filter>
    </ClInclude>
    <ClInclude Include="Drawable.h">
      <Filter>Header Files\Application\Scene\Drawable</Filter>
    </ClInclude>
    <ClInclude Include="Player.h">
      <Filter>Header Files\Application\Scene\Game</Filter>
    </ClInclude>
    <ClInclude Include="Scene.h">
      <Filter>Header Files\Application\Scene</Filter>
    </ClInclude>
    <ClInclude Include="Light.h">
      <Filter>Header Files\Application\Scene</Filter>
    </ClInclude>
    <ClInclude Include="DirectXHelp.h">
      <Filter>Header Files\Utilities</Filter>
    </ClInclude>
    <ClInclude Include="Event.h">
      <Filter>Header Files\Utilities</Filter>
    </ClInclude>
    <ClInclude Include="Math.h">
      <Filter>Header Files\Utilities</Filter>
    </ClInclude>
    <ClInclude Include="ImGui.h">
      <Filter>Header Files\Utilities</Filter>
    </ClInclude>
    <ClInclude Include="Print.h">
      <Filter>Header Files\Utilities</Filter>
    </ClInclude>
    <ClInclude Include="Random.h">
      <Filter>Header Files\Utilities</Filter>
    </ClInclude>
    <ClInclude Include="stb_image.h">
      <Filter>Header Files\Utilities</Filter>
    </ClInclude>
    <ClInclude Include="Time.h">
      <Filter>Header Files\Utilities</Filter>
    </ClInclude>
    <ClInclude Include="Terrain.h">
      <Filter>Header Files\Application\Scene\Terrain</Filter>
    </ClInclude>
    <ClInclude Include="Editor.h">
      <Filter>Header Files\Application\GameStates\Debug\Editors</Filter>
    </ClInclude>
    <ClInclude Include="DebugMainMenu.h">
      <Filter>Header Files\Application\GameStates\Debug\Editors</Filter>
    </ClInclude>
    <ClInclude Include="Vertex.h">
      <Filter>Header Files\Application\Scene\Drawable\Model</Filter>
    </ClInclude>
    <ClInclude Include="ParticleEditor.h">
      <Filter>Header Files\Application\GameStates\Debug\Editors\ParticleEditor</Filter>
    </ClInclude>
    <ClInclude Include="LevelEditor.h">
      <Filter>Header Files\Application\GameStates\Debug\Editors\LevelEditor</Filter>
    </ClInclude>
    <ClInclude Include="ImGuiWin.h">
      <Filter>Header Files\Application\GameStates\Debug\Editors\ImGuiWindow</Filter>
    </ClInclude>
    <ClInclude Include="ImGuiWinComponents.h">
      <Filter>Header Files\Application\GameStates\Debug\Editors\ImGuiWindow</Filter>
    </ClInclude>
    <ClInclude Include="FileSystem.h">
      <Filter>Header Files\Utilities</Filter>
    </ClInclude>
    <ClInclude Include="MaterialLoader.h">
      <Filter>Header Files\Utilities</Filter>
    </ClInclude>
    <ClInclude Include="Singleton.h">
      <Filter>Header Files\Utilities</Filter>
    </ClInclude>
    <ClInclude Include="Model.h">
      <Filter>Header Files\Application\Scene\Drawable\Model</Filter>
    </ClInclude>
    <ClInclude Include="Texture.h">
      <Filter>Header Files\Application\Scene\Drawable\Model\Resources\Material</Filter>
    </ClInclude>
    <ClInclude Include="Material.h">
      <Filter>Header Files\Application\Scene\Drawable\Model\Resources\Material</Filter>
    </ClInclude>
    <ClInclude Include="OldMesh.h">
      <Filter>Resource Files\OLD STUFF</Filter>
    </ClInclude>
    <ClInclude Include="OldModel.h">
      <Filter>Resource Files\OLD STUFF</Filter>
    </ClInclude>
    <ClInclude Include="OldResources.h">
      <Filter>Resource Files\OLD STUFF</Filter>
    </ClInclude>
    <ClInclude Include="Resources.h">
      <Filter>Header Files\Application\Scene\Drawable\Model\Resources</Filter>
    </ClInclude>
    <ClInclude Include="Mesh.h">
      <Filter>Header Files\Application\Scene\Drawable\Model</Filter>
    </ClInclude>
    <ClInclude Include="Application.h">
      <Filter>Header Files\Application</Filter>
    </ClInclude>
    <ClInclude Include="ModelRenderer.h">
      <Filter>Header Files\Application\Graphics\Renderers\ModelRenderer</Filter>
    </ClInclude>
    <ClInclude Include="ParticleRenderer.h">
      <Filter>Header Files\Application\Graphics\Renderers\ParticleRenderer</Filter>
    </ClInclude>
    <ClInclude Include="DeferredRenderer.h">
      <Filter>Header Files\Application\Graphics\Renderers\DeferredRenderer</Filter>
    </ClInclude>
    <ClInclude Include="OldModelRenderer.h">
      <Filter>Resource Files\OLD STUFF</Filter>
    </ClInclude>
    <ClInclude Include="DisplacementRenderer.h">
      <Filter>Resource Files\OLD STUFF</Filter>
    </ClInclude>
    <ClInclude Include="ShadowRenderer.h">
      <Filter>Header Files\Application\Graphics\Renderers\ShadowRenderer</Filter>
    </ClInclude>
    <ClInclude Include="ParticleSystem.h">
      <Filter>Header Files\Application\Scene\Drawable\Particle System</Filter>
    </ClInclude>
    <ClInclude Include="Camera.h">
      <Filter>Header Files\Application\Scene\Camera</Filter>
    </ClInclude>
    <ClInclude Include="GameState.h">
      <Filter>Header Files\Application\GameStates</Filter>
    </ClInclude>
    <ClInclude Include="Game.h">
      <Filter>Header Files\Application\GameStates\Game</Filter>
    </ClInclude>
    <ClInclude Include="StateENUM.h">
      <Filter>Header Files\Application\GameStates</Filter>
    </ClInclude>
    <ClInclude Include="States.h">
      <Filter>Header Files\Application\GameStates</Filter>
    </ClInclude>
    <ClInclude Include="Transform.h">
      <Filter>Header Files\Application\Scene</Filter>
    </ClInclude>
    <ClInclude Include="AnimatedVertex.h">
      <Filter>Header Files\Application\Scene\Drawable\AnimatedModel</Filter>
    </ClInclude>
    <ClInclude Include="AnimatedMesh.h">
      <Filter>Header Files\Application\Scene\Drawable\AnimatedModel</Filter>
    </ClInclude>
    <ClInclude Include="AnimatedModel.h">
      <Filter>Header Files\Application\Scene\Drawable\AnimatedModel</Filter>
    </ClInclude>
    <ClInclude Include="Skeleton.h">
      <Filter>Header Files\Application\Scene\Drawable\AnimatedModel</Filter>
    </ClInclude>
    <ClInclude Include="AssimpDirectXMathConverter.h">
      <Filter>Header Files\Utilities</Filter>
    </ClInclude>
    <ClInclude Include="Animator.h">
      <Filter>Header Files\Application\Scene\Drawable\AnimatedModel</Filter>
    </ClInclude>
    <ClInclude Include="Animation.h">
      <Filter>Header Files\Application\Scene\Drawable\AnimatedModel</Filter>
    </ClInclude>
    <ClInclude Include="AnimatedModelRenderer.h">
      <Filter>Header Files\Application\Graphics\Renderers\AnimatedModelRenderer</Filter>
    </ClInclude>
    <ClInclude Include="TerrainRenderer.h">
      <Filter>Header Files\Application\Graphics\Renderers\TerrainRenderer</Filter>
    </ClInclude>
    <ClInclude Include="Building.h">
      <Filter>Header Files\Application\Scene\Game</Filter>
    </ClInclude>
    <ClInclude Include="ColliderRenderer.h">
      <Filter>Header Files\Application\Graphics\Renderers\ColliderRenderer</Filter>
    </ClInclude>
    <ClInclude Include="CollectQuest.h">
      <Filter>Header Files\Application\Scene\Game\Quests</Filter>
    </ClInclude>
    <ClInclude Include="Collision.h">
      <Filter>Header Files\Application\Scene\Game\Quests</Filter>
    </ClInclude>
    <ClInclude Include="FightQuest.h">
      <Filter>Header Files\Application\Scene\Game\Quests</Filter>
    </ClInclude>
    <ClInclude Include="Quest.h">
      <Filter>Header Files\Application\Scene\Game\Quests</Filter>
    </ClInclude>
    <ClInclude Include="TalkQuest.h">
      <Filter>Header Files\Application\Scene\Game\Quests</Filter>
    </ClInclude>
    <ClInclude Include="Villager.h">
      <Filter>Header Files\Application\Scene\Game\Quests</Filter>
    </ClInclude>
    <ClInclude Include="QuestLog.h">
      <Filter>Header Files\Application\Scene\Game\Quests</Filter>
    </ClInclude>
    <ClInclude Include="QuestLogFile.h">
      <Filter>Header Files\Utilities</Filter>
    </ClInclude>
    <ClInclude Include="UI.h">
      <Filter>Header Files\Application\UI</Filter>
    </ClInclude>
    <ClInclude Include="Button.h">
      <Filter>Header Files\Application\UI</Filter>
    </ClInclude>
    <ClInclude Include="Image.h">
      <Filter>Header Files\Application\UI</Filter>
    </ClInclude>
    <ClInclude Include="Text.h">
      <Filter>Header Files\Application\UI</Filter>
    </ClInclude>
  </ItemGroup>
  <ItemGroup>
    <FxCompile Include="DisplacementVertexShader.hlsl">
      <Filter>Resource Files\OLD STUFF\Displacement</Filter>
    </FxCompile>
    <FxCompile Include="DisplacementHullShader.hlsl">
      <Filter>Resource Files\OLD STUFF\Displacement</Filter>
    </FxCompile>
    <FxCompile Include="DisplacementDomainShader.hlsl">
      <Filter>Resource Files\OLD STUFF\Displacement</Filter>
    </FxCompile>
    <FxCompile Include="DisplacementGeometryShader.hlsl">
      <Filter>Resource Files\OLD STUFF\Displacement</Filter>
    </FxCompile>
    <FxCompile Include="DisplacementPixelShader.hlsl">
      <Filter>Resource Files\OLD STUFF\Displacement</Filter>
    </FxCompile>
    <FxCompile Include="UVAnimationVertexShader.hlsl">
      <Filter>Resource Files\OLD STUFF\UVAnimation</Filter>
    </FxCompile>
    <FxCompile Include="UVAnimationPixelShader.hlsl">
      <Filter>Resource Files\OLD STUFF\UVAnimation</Filter>
    </FxCompile>
    <FxCompile Include="ParticleGeometryShader.hlsl">
      <Filter>Header Files\Application\Graphics\Renderers\ParticleRenderer\Shaders</Filter>
    </FxCompile>
    <FxCompile Include="ParticleVertexShader.hlsl">
      <Filter>Header Files\Application\Graphics\Renderers\ParticleRenderer\Shaders</Filter>
    </FxCompile>
    <FxCompile Include="DeferredParticlePixelShader.hlsl">
      <Filter>Header Files\Application\Graphics\Renderers\ParticleRenderer\Shaders</Filter>
    </FxCompile>
    <FxCompile Include="ForwardParticlePixelShader.hlsl">
      <Filter>Header Files\Application\Graphics\Renderers\ParticleRenderer\Shaders</Filter>
    </FxCompile>
    <FxCompile Include="ModelVertexShader.hlsl">
      <Filter>Header Files\Application\Graphics\Renderers\ModelRenderer\Shaders\Lit</Filter>
    </FxCompile>
    <FxCompile Include="DeferredModelPixelShader.hlsl">
      <Filter>Header Files\Application\Graphics\Renderers\ModelRenderer\Shaders\Lit</Filter>
    </FxCompile>
    <FxCompile Include="ForwardModelPixelShader.hlsl">
      <Filter>Header Files\Application\Graphics\Renderers\ModelRenderer\Shaders\Lit</Filter>
    </FxCompile>
    <FxCompile Include="UnlitModelVertexShader.hlsl">
      <Filter>Header Files\Application\Graphics\Renderers\ModelRenderer\Shaders\Unlit</Filter>
    </FxCompile>
    <FxCompile Include="UnlitForwardModelPixelShader.hlsl">
      <Filter>Header Files\Application\Graphics\Renderers\ModelRenderer\Shaders\Unlit</Filter>
    </FxCompile>
    <FxCompile Include="DeferredPixelShader.hlsl">
      <Filter>Header Files\Application\Graphics\Renderers\DeferredRenderer\Shaders</Filter>
    </FxCompile>
    <FxCompile Include="DeferredVertexShader.hlsl">
      <Filter>Header Files\Application\Graphics\Renderers\DeferredRenderer\Shaders</Filter>
    </FxCompile>
    <FxCompile Include="ShadowVertexShader.hlsl">
      <Filter>Header Files\Application\Graphics\Renderers\ShadowRenderer\Shaders</Filter>
    </FxCompile>
    <FxCompile Include="ShadowDomainShader.hlsl">
      <Filter>Resource Files\OLD STUFF</Filter>
    </FxCompile>
    <FxCompile Include="ShadowHullShader.hlsl">
      <Filter>Resource Files\OLD STUFF</Filter>
    </FxCompile>
    <FxCompile Include="AnimatedModelVertexShader.hlsl">
      <Filter>Header Files\Application\Graphics\Renderers\AnimatedModelRenderer\Shaders</Filter>
    </FxCompile>
    <FxCompile Include="UnlitAnimatedModelVertexShader.hlsl">
      <Filter>Header Files\Application\Graphics\Renderers\AnimatedModelRenderer\Shaders</Filter>
    </FxCompile>
    <FxCompile Include="TerrainVertexShader.hlsl">
      <Filter>Header Files\Application\Graphics\Renderers\TerrainRenderer\Shaders</Filter>
    </FxCompile>
    <FxCompile Include="TerrainHullShader.hlsl">
      <Filter>Header Files\Application\Graphics\Renderers\TerrainRenderer\Shaders</Filter>
    </FxCompile>
    <FxCompile Include="TerrainDomainShader.hlsl">
      <Filter>Header Files\Application\Graphics\Renderers\TerrainRenderer\Shaders</Filter>
    </FxCompile>
    <FxCompile Include="ForwardTerrainPixelShader.hlsl">
      <Filter>Header Files\Application\Graphics\Renderers\TerrainRenderer\Shaders</Filter>
    </FxCompile>
    <FxCompile Include="DeferredTerrainPixelShader.hlsl">
      <Filter>Header Files\Application\Graphics\Renderers\TerrainRenderer\Shaders</Filter>
    </FxCompile>
    <FxCompile Include="TerrainGeometryShader.hlsl">
      <Filter>Header Files\Application\Graphics\Renderers\TerrainRenderer\Shaders</Filter>
    </FxCompile>
    <FxCompile Include="ColliderPixelShader.hlsl">
      <Filter>Header Files\Application\Graphics\Renderers\ColliderRenderer\Shaders</Filter>
    </FxCompile>
    <FxCompile Include="ColliderVertexShader.hlsl">
      <Filter>Header Files\Application\Graphics\Renderers\ColliderRenderer\Shaders</Filter>
    </FxCompile>
  </ItemGroup>
</Project>